Microsoft Visual Studio Solution File, Format Version 12.00
# Visual Studio Version 17
VisualStudioVersion = 17.5.2.0
MinimumVisualStudioVersion = 10.0.40219.1
Project("{FAE04EC0-301F-11D3-BF4B-00C04F79EFBC}") = "SurveyOrganizationRegistrationSystem", "SurveyOrganizationRegistrationSystem.csproj", "{739036FB-87E1-E0D7-89ED-35F7F97CFE27}"
EndProject
Global
	GlobalSection(SolutionConfigurationPlatforms) = preSolution
		Debug|Any CPU = Debug|Any CPU
		Release|Any CPU = Release|Any CPU
	EndGlobalSection
	GlobalSection(ProjectConfigurationPlatforms) = postSolution
		{739036FB-87E1-E0D7-89ED-35F7F97CFE27}.Debug|Any CPU.ActiveCfg = Debug|Any CPU
		{739036FB-87E1-E0D7-89ED-35F7F97CFE27}.Debug|Any CPU.Build.0 = Debug|Any CPU
		{739036FB-87E1-E0D7-89ED-35F7F97CFE27}.Release|Any CPU.ActiveCfg = Release|Any CPU
		{739036FB-87E1-E0D7-89ED-35F7F97CFE27}.Release|Any CPU.Build.0 = Release|Any CPU
	EndGlobalSection
	GlobalSection(SolutionProperties) = preSolution
		HideSolutionNode = FALSE
	EndGlobalSection
	GlobalSection(ExtensibilityGlobals) = postSolution
		SolutionGuid = {DB10412F-E3CC-4E37-AA2D-44F2E5D149A7}
	EndGlobalSection
EndGlobal
